// !$*UTF8*$!
{
	archiveVersion = 1;
	classes = {
	};
	objectVersion = 77;
	objects = {

/* Begin PBXBuildFile section */
		0BAE8542A0BC65DCE2BA93DF /* ContentView.swift in Sources */ = {isa = PBXBuildFile; fileRef = 16BBA584589724D6402D8E21 /* ContentView.swift */; };
		1D247BFDCBF9E7550E71E341 /* GoogleMapView.swift in Sources */ = {isa = PBXBuildFile; fileRef = 3BBCF13808314A6B0237B986 /* GoogleMapView.swift */; };
		2C338477925AC7FC78977BE7 /* SitePopupView.swift in Sources */ = {isa = PBXBuildFile; fileRef = 15997034C95681EF20D5EE99 /* SitePopupView.swift */; };
		3F7F55B21248A75A268995CB /* GoogleMaps in Frameworks */ = {isa = PBXBuildFile; productRef = 87A1ABE4F4922CE19ABD5018 /* GoogleMaps */; };
		49E3A78E6F9355E960148687 /* HistoricalSite.swift in Sources */ = {isa = PBXBuildFile; fileRef = C7FE2CCB3447BB80ABEE51A6 /* HistoricalSite.swift */; };
		4A270BB990E7D3511127787E /* SiteListView.swift in Sources */ = {isa = PBXBuildFile; fileRef = 110C1FF17245D3DB790B371D /* SiteListView.swift */; };
		5887D0A60E90711E750C20B6 /* Assets.xcassets in Resources */ = {isa = PBXBuildFile; fileRef = 8F5CF9208791429003D8E830 /* Assets.xcassets */; };
		61AE59AEBF87D20A64A44181 /* LocationManager.swift in Sources */ = {isa = PBXBuildFile; fileRef = 23125A10360D8D7905317605 /* LocationManager.swift */; };
		6583F502282528C1728D0200 /* APIKeys.swift in Sources */ = {isa = PBXBuildFile; fileRef = 8503A269FEFCC1AFCA35433B /* APIKeys.swift */; };
		BEF11724DCD33C229B7DABF7 /* SiteDataStore.swift in Sources */ = {isa = PBXBuildFile; fileRef = 2C6250C93FE4A25F1526C3ED /* SiteDataStore.swift */; };
		D9BB29EBA030CD9450AE7B2A /* ChiangMaiHistoryApp.swift in Sources */ = {isa = PBXBuildFile; fileRef = B008C63DF6CCA5E34C5171BE /* ChiangMaiHistoryApp.swift */; };
		FA736E15E42215208B3BF467 /* sites.json in Resources */ = {isa = PBXBuildFile; fileRef = 0BC228B56AFA665A56A19C65 /* sites.json */; };
/* End PBXBuildFile section */

/* Begin PBXFileReference section */
		0BC228B56AFA665A56A19C65 /* sites.json */ = {isa = PBXFileReference; lastKnownFileType = text.json; path = sites.json; sourceTree = "<group>"; };
		110C1FF17245D3DB790B371D /* SiteListView.swift */ = {isa = PBXFileReference; lastKnownFileType = sourcecode.swift; path = SiteListView.swift; sourceTree = "<group>"; };
		15997034C95681EF20D5EE99 /* SitePopupView.swift */ = {isa = PBXFileReference; lastKnownFileType = sourcecode.swift; path = SitePopupView.swift; sourceTree = "<group>"; };
		16BBA584589724D6402D8E21 /* ContentView.swift */ = {isa = PBXFileReference; lastKnownFileType = sourcecode.swift; path = ContentView.swift; sourceTree = "<group>"; };
		23125A10360D8D7905317605 /* LocationManager.swift */ = {isa = PBXFileReference; lastKnownFileType = sourcecode.swift; path = LocationManager.swift; sourceTree = "<group>"; };
		2C6250C93FE4A25F1526C3ED /* SiteDataStore.swift */ = {isa = PBXFileReference; lastKnownFileType = sourcecode.swift; path = SiteDataStore.swift; sourceTree = "<group>"; };
		3BBCF13808314A6B0237B986 /* GoogleMapView.swift */ = {isa = PBXFileReference; lastKnownFileType = sourcecode.swift; path = GoogleMapView.swift; sourceTree = "<group>"; };
		8503A269FEFCC1AFCA35433B /* APIKeys.swift */ = {isa = PBXFileReference; lastKnownFileType = sourcecode.swift; path = APIKeys.swift; sourceTree = "<group>"; };
		8F5CF9208791429003D8E830 /* Assets.xcassets */ = {isa = PBXFileReference; lastKnownFileType = folder.assetcatalog; path = Assets.xcassets; sourceTree = "<group>"; };
		9EE0E83299540A4BAE0A4F4D /* ChiangMaiHistory.app */ = {isa = PBXFileReference; includeInIndex = 0; lastKnownFileType = wrapper.application; path = ChiangMaiHistory.app; sourceTree = BUILT_PRODUCTS_DIR; };
		B008C63DF6CCA5E34C5171BE /* ChiangMaiHistoryApp.swift */ = {isa = PBXFileReference; lastKnownFileType = sourcecode.swift; path = ChiangMaiHistoryApp.swift; sourceTree = "<group>"; };
		C7FE2CCB3447BB80ABEE51A6 /* HistoricalSite.swift */ = {isa = PBXFileReference; lastKnownFileType = sourcecode.swift; path = HistoricalSite.swift; sourceTree = "<group>"; };
/* End PBXFileReference section */

/* Begin PBXFrameworksBuildPhase section */
		B3218720B857D16A6CD3329C /* Frameworks */ = {
			isa = PBXFrameworksBuildPhase;
			buildActionMask = 2147483647;
			files = (
				3F7F55B21248A75A268995CB /* GoogleMaps in Frameworks */,
			);
			runOnlyForDeploymentPostprocessing = 0;
		};
/* End PBXFrameworksBuildPhase section */

/* Begin PBXGroup section */
		0098E2C80EA6BDD61B0E508F /* Models */ = {
			isa = PBXGroup;
			children = (
				C7FE2CCB3447BB80ABEE51A6 /* HistoricalSite.swift */,
			);
			path = Models;
			sourceTree = "<group>";
		};
		206D57320C697F424ECAC4BE /* Sources */ = {
			isa = PBXGroup;
			children = (
				8503A269FEFCC1AFCA35433B /* APIKeys.swift */,
				B008C63DF6CCA5E34C5171BE /* ChiangMaiHistoryApp.swift */,
				16BBA584589724D6402D8E21 /* ContentView.swift */,
				0098E2C80EA6BDD61B0E508F /* Models */,
				B2BA25079D74630690BB3C88 /* Resources */,
				73BA8DF9B8E877563706F405 /* Services */,
				FA5A81D7D251106E134A3B47 /* Views */,
			);
			path = Sources;
			sourceTree = "<group>";
		};
		73BA8DF9B8E877563706F405 /* Services */ = {
			isa = PBXGroup;
			children = (
				23125A10360D8D7905317605 /* LocationManager.swift */,
				2C6250C93FE4A25F1526C3ED /* SiteDataStore.swift */,
			);
			path = Services;
			sourceTree = "<group>";
		};
		760886EEB8F340A525475660 /* Products */ = {
			isa = PBXGroup;
			children = (
				9EE0E83299540A4BAE0A4F4D /* ChiangMaiHistory.app */,
			);
			name = Products;
			sourceTree = "<group>";
		};
		B2BA25079D74630690BB3C88 /* Resources */ = {
			isa = PBXGroup;
			children = (
				8F5CF9208791429003D8E830 /* Assets.xcassets */,
				0BC228B56AFA665A56A19C65 /* sites.json */,
			);
			path = Resources;
			sourceTree = "<group>";
		};
		DABE3179A43FD5453DE49CA6 = {
			isa = PBXGroup;
			children = (
				206D57320C697F424ECAC4BE /* Sources */,
				760886EEB8F340A525475660 /* Products */,
			);
			sourceTree = "<group>";
		};
		FA5A81D7D251106E134A3B47 /* Views */ = {
			isa = PBXGroup;
			children = (
				3BBCF13808314A6B0237B986 /* GoogleMapView.swift */,
				110C1FF17245D3DB790B371D /* SiteListView.swift */,
				15997034C95681EF20D5EE99 /* SitePopupView.swift */,
			);
			path = Views;
			sourceTree = "<group>";
		};
/* End PBXGroup section */

/* Begin PBXNativeTarget section */
		1017FEAD467C794AF5352B94 /* ChiangMaiHistory */ = {
			isa = PBXNativeTarget;
			buildConfigurationList = 0E7C1759076822DA1A1BB4A8 /* Build configuration list for PBXNativeTarget "ChiangMaiHistory" */;
			buildPhases = (
				CCB7B977A90C5875932C69AA /* Sources */,
				C81DD9CF425F423CA091C62C /* Resources */,
				B3218720B857D16A6CD3329C /* Frameworks */,
			);
			buildRules = (
			);
			dependencies = (
			);
			name = ChiangMaiHistory;
			packageProductDependencies = (
				87A1ABE4F4922CE19ABD5018 /* GoogleMaps */,
			);
			productName = ChiangMaiHistory;
			productReference = 9EE0E83299540A4BAE0A4F4D /* ChiangMaiHistory.app */;
			productType = "com.apple.product-type.application";
		};
/* End PBXNativeTarget section */

/* Begin PBXProject section */
		C6B8C481E6BEE968B6972FAA /* Project object */ = {
			isa = PBXProject;
			attributes = {
				BuildIndependentTargetsInParallel = YES;
				LastUpgradeCheck = 1430;
				TargetAttributes = {
					1017FEAD467C794AF5352B94 = {
						DevelopmentTeam = 8QRPSHGVVY;
						ProvisioningStyle = Automatic;
					};
				};
			};
			buildConfigurationList = BE323B28667CF6DE1236C112 /* Build configuration list for PBXProject "ChiangMaiHistory" */;
			developmentRegion = en;
			hasScannedForEncodings = 0;
			knownRegions = (
				Base,
				en,
			);
			mainGroup = DABE3179A43FD5453DE49CA6;
			minimizedProjectReferenceProxies = 1;
			packageReferences = (
				87CC7EE576CDC9747BE48D03 /* XCRemoteSwiftPackageReference "ios-maps-sdk" */,
			);
			preferredProjectObjectVersion = 77;
			productRefGroup = 760886EEB8F340A525475660 /* Products */;
			projectDirPath = "";
			projectRoot = "";
			targets = (
				1017FEAD467C794AF5352B94 /* ChiangMaiHistory */,
			);
		};
/* End PBXProject section */

/* Begin PBXResourcesBuildPhase section */
		C81DD9CF425F423CA091C62C /* Resources */ = {
			isa = PBXResourcesBuildPhase;
			buildActionMask = 2147483647;
			files = (
				5887D0A60E90711E750C20B6 /* Assets.xcassets in Resources */,
				FA736E15E42215208B3BF467 /* sites.json in Resources */,
			);
			runOnlyForDeploymentPostprocessing = 0;
		};
/* End PBXResourcesBuildPhase section */

/* Begin PBXSourcesBuildPhase section */
		CCB7B977A90C5875932C69AA /* Sources */ = {
			isa = PBXSourcesBuildPhase;
			buildActionMask = 2147483647;
			files = (
				6583F502282528C1728D0200 /* APIKeys.swift in Sources */,
				D9BB29EBA030CD9450AE7B2A /* ChiangMaiHistoryApp.swift in Sources */,
				0BAE8542A0BC65DCE2BA93DF /* ContentView.swift in Sources */,
				1D247BFDCBF9E7550E71E341 /* GoogleMapView.swift in Sources */,
				49E3A78E6F9355E960148687 /* HistoricalSite.swift in Sources */,
				61AE59AEBF87D20A64A44181 /* LocationManager.swift in Sources */,
				BEF11724DCD33C229B7DABF7 /* SiteDataStore.swift in Sources */,
				4A270BB990E7D3511127787E /* SiteListView.swift in Sources */,
				2C338477925AC7FC78977BE7 /* SitePopupView.swift in Sources */,
			);
			runOnlyForDeploymentPostprocessing = 0;
		};
/* End PBXSourcesBuildPhase section */

/* Begin XCBuildConfiguration section */
		589F41B71658D0B76D8961C5 /* Debug */ = {
			isa = XCBuildConfiguration;
			buildSettings = {
				ASSETCATALOG_COMPILER_APPICON_NAME = AppIcon;
				CODE_SIGN_IDENTITY = "iPhone Developer";
				CODE_SIGN_STYLE = Automatic;
				CURRENT_PROJECT_VERSION = 1;
				DEVELOPMENT_TEAM = 8QRPSHGVVY;
				INFOPLIST_FILE = "Generated-Info.plist";
				INFOPLIST_KEY_UIApplicationSceneManifest_Generation = YES;
				INFOPLIST_KEY_UILaunchScreen_Generation = YES;
				LD_RUNPATH_SEARCH_PATHS = (
					"$(inherited)",
					"@executable_path/Frameworks",
				);
				MARKETING_VERSION = 1.0;
				PRODUCT_BUNDLE_IDENTIFIER = com.chiangmaihistory.app;
				SDKROOT = iphoneos;
				SWIFT_VERSION = 5.0;
				TARGETED_DEVICE_FAMILY = 1;
			};
			name = Debug;
		};
		DB983460D2A38FF0225D78A8 /* Debug */ = {
			isa = XCBuildConfiguration;
			buildSettings = {
				ALWAYS_SEARCH_USER_PATHS = NO;
				CLANG_ANALYZER_NONNULL = YES;
				CLANG_ANALYZER_NUMBER_OBJECT_CONVERSION = YES_AGGRESSIVE;
				CLANG_CXX_LANGUAGE_STANDARD = "gnu++14";
				CLANG_CXX_LIBRARY = "libc++";
				CLANG_ENABLE_MODULES = YES;
				CLANG_ENABLE_OBJC_ARC = YES;
				CLANG_ENABLE_OBJC_WEAK = YES;
				CLANG_WARN_BLOCK_CAPTURE_AUTORELEASING = YES;
				CLANG_WARN_BOOL_CONVERSION = YES;
				CLANG_WARN_COMMA = YES;
				CLANG_WARN_CONSTANT_CONVERSION = YES;
				CLANG_WARN_DEPRECATED_OBJC_IMPLEMENTATIONS = YES;
				CLANG_WARN_DIRECT_OBJC_ISA_USAGE = YES_ERROR;
				CLANG_WARN_DOCUMENTATION_COMMENTS = YES;
				CLANG_WARN_EMPTY_BODY = YES;
				CLANG_WARN_ENUM_CONVERSION = YES;
				CLANG_WARN_INFINITE_RECURSION = YES;
				CLANG_WARN_INT_CONVERSION = YES;
				CLANG_WARN_NON_LITERAL_NULL_CONVERSION = YES;
				CLANG_WARN_OBJC_IMPLICIT_RETAIN_SELF = YES;
				CLANG_WARN_OBJC_LITERAL_CONVERSION = YES;
				CLANG_WARN_OBJC_ROOT_CLASS = YES_ERROR;
				CLANG_WARN_QUOTED_INCLUDE_IN_FRAMEWORK_HEADER = YES;
				CLANG_WARN_RANGE_LOOP_ANALYSIS = YES;
				CLANG_WARN_STRICT_PROTOTYPES = YES;
				CLANG_WARN_SUSPICIOUS_MOVE = YES;
				CLANG_WARN_UNGUARDED_AVAILABILITY = YES_AGGRESSIVE;
				CLANG_WARN_UNREACHABLE_CODE = YES;
				CLANG_WARN__DUPLICATE_METHOD_MATCH = YES;
				COPY_PHASE_STRIP = NO;
				DEBUG_INFORMATION_FORMAT = dwarf;
				ENABLE_STRICT_OBJC_MSGSEND = YES;
				ENABLE_TESTABILITY = YES;
				GCC_C_LANGUAGE_STANDARD = gnu11;
				GCC_DYNAMIC_NO_PIC = NO;
				GCC_NO_COMMON_BLOCKS = YES;
				GCC_OPTIMIZATION_LEVEL = 0;
				GCC_PREPROCESSOR_DEFINITIONS = (
					"$(inherited)",
					"DEBUG=1",
				);
				GCC_WARN_64_TO_32_BIT_CONVERSION = YES;
				GCC_WARN_ABOUT_RETURN_TYPE = YES_ERROR;
				GCC_WARN_UNDECLARED_SELECTOR = YES;
				GCC_WARN_UNINITIALIZED_AUTOS = YES_AGGRESSIVE;
				GCC_WARN_UNUSED_FUNCTION = YES;
				GCC_WARN_UNUSED_VARIABLE = YES;
				IPHONEOS_DEPLOYMENT_TARGET = 16.0;
				MTL_ENABLE_DEBUG_INFO = INCLUDE_SOURCE;
				MTL_FAST_MATH = YES;
				ONLY_ACTIVE_ARCH = YES;
				PRODUCT_NAME = "$(TARGET_NAME)";
				SDKROOT = iphoneos;
				SWIFT_ACTIVE_COMPILATION_CONDITIONS = DEBUG;
				SWIFT_OPTIMIZATION_LEVEL = "-Onone";
				SWIFT_VERSION = 5.0;
			};
			name = Debug;
		};
		DE41DFD7D524D55ABC85A2F1 /* Release */ = {
			isa = XCBuildConfiguration;
			buildSettings = {
				ALWAYS_SEARCH_USER_PATHS = NO;
				CLANG_ANALYZER_NONNULL = YES;
				CLANG_ANALYZER_NUMBER_OBJECT_CONVERSION = YES_AGGRESSIVE;
				CLANG_CXX_LANGUAGE_STANDARD = "gnu++14";
				CLANG_CXX_LIBRARY = "libc++";
				CLANG_ENABLE_MODULES = YES;
				CLANG_ENABLE_OBJC_ARC = YES;
				CLANG_ENABLE_OBJC_WEAK = YES;
				CLANG_WARN_BLOCK_CAPTURE_AUTORELEASING = YES;
				CLANG_WARN_BOOL_CONVERSION = YES;
				CLANG_WARN_COMMA = YES;
				CLANG_WARN_CONSTANT_CONVERSION = YES;
				CLANG_WARN_DEPRECATED_OBJC_IMPLEMENTATIONS = YES;
				CLANG_WARN_DIRECT_OBJC_ISA_USAGE = YES_ERROR;
				CLANG_WARN_DOCUMENTATION_COMMENTS = YES;
				CLANG_WARN_EMPTY_BODY = YES;
				CLANG_WARN_ENUM_CONVERSION = YES;
				CLANG_WARN_INFINITE_RECURSION = YES;
				CLANG_WARN_INT_CONVERSION = YES;
				CLANG_WARN_NON_LITERAL_NULL_CONVERSION = YES;
				CLANG_WARN_OBJC_IMPLICIT_RETAIN_SELF = YES;
				CLANG_WARN_OBJC_LITERAL_CONVERSION = YES;
				CLANG_WARN_OBJC_ROOT_CLASS = YES_ERROR;
				CLANG_WARN_QUOTED_INCLUDE_IN_FRAMEWORK_HEADER = YES;
				CLANG_WARN_RANGE_LOOP_ANALYSIS = YES;
				CLANG_WARN_STRICT_PROTOTYPES = YES;
				CLANG_WARN_SUSPICIOUS_MOVE = YES;
				CLANG_WARN_UNGUARDED_AVAILABILITY = YES_AGGRESSIVE;
				CLANG_WARN_UNREACHABLE_CODE = YES;
				CLANG_WARN__DUPLICATE_METHOD_MATCH = YES;
				COPY_PHASE_STRIP = NO;
				DEBUG_INFORMATION_FORMAT = "dwarf-with-dsym";
				ENABLE_NS_ASSERTIONS = NO;
				ENABLE_STRICT_OBJC_MSGSEND = YES;
				GCC_C_LANGUAGE_STANDARD = gnu11;
				GCC_NO_COMMON_BLOCKS = YES;
				GCC_WARN_64_TO_32_BIT_CONVERSION = YES;
				GCC_WARN_ABOUT_RETURN_TYPE = YES_ERROR;
				GCC_WARN_UNDECLARED_SELECTOR = YES;
				GCC_WARN_UNINITIALIZED_AUTOS = YES_AGGRESSIVE;
				GCC_WARN_UNUSED_FUNCTION = YES;
				GCC_WARN_UNUSED_VARIABLE = YES;
				IPHONEOS_DEPLOYMENT_TARGET = 16.0;
				MTL_ENABLE_DEBUG_INFO = NO;
				MTL_FAST_MATH = YES;
				PRODUCT_NAME = "$(TARGET_NAME)";
				SDKROOT = iphoneos;
				SWIFT_COMPILATION_MODE = wholemodule;
				SWIFT_OPTIMIZATION_LEVEL = "-O";
				SWIFT_VERSION = 5.0;
			};
			name = Release;
		};
		FFFA86D0EBF6FFAD6138F856 /* Release */ = {
			isa = XCBuildConfiguration;
			buildSettings = {
				ASSETCATALOG_COMPILER_APPICON_NAME = AppIcon;
				CODE_SIGN_IDENTITY = "iPhone Developer";
				CODE_SIGN_STYLE = Automatic;
				CURRENT_PROJECT_VERSION = 1;
				DEVELOPMENT_TEAM = 8QRPSHGVVY;
				INFOPLIST_FILE = "Generated-Info.plist";
				INFOPLIST_KEY_UIApplicationSceneManifest_Generation = YES;
				INFOPLIST_KEY_UILaunchScreen_Generation = YES;
				LD_RUNPATH_SEARCH_PATHS = (
					"$(inherited)",
					"@executable_path/Frameworks",
				);
				MARKETING_VERSION = 1.0;
				PRODUCT_BUNDLE_IDENTIFIER = com.chiangmaihistory.app;
				SDKROOT = iphoneos;
				SWIFT_VERSION = 5.0;
				TARGETED_DEVICE_FAMILY = 1;
			};
			name = Release;
		};
/* End XCBuildConfiguration section */

/* Begin XCConfigurationList section */
		0E7C1759076822DA1A1BB4A8 /* Build configuration list for PBXNativeTarget "ChiangMaiHistory" */ = {
			isa = XCConfigurationList;
			buildConfigurations = (
				589F41B71658D0B76D8961C5 /* Debug */,
				FFFA86D0EBF6FFAD6138F856 /* Release */,
			);
			defaultConfigurationIsVisible = 0;
			defaultConfigurationName = Debug;
		};
		BE323B28667CF6DE1236C112 /* Build configuration list for PBXProject "ChiangMaiHistory" */ = {
			isa = XCConfigurationList;
			buildConfigurations = (
				DB983460D2A38FF0225D78A8 /* Debug */,
				DE41DFD7D524D55ABC85A2F1 /* Release */,
			);
			defaultConfigurationIsVisible = 0;
			defaultConfigurationName = Debug;
		};
/* End XCConfigurationList section */

/* Begin XCRemoteSwiftPackageReference section */
		87CC7EE576CDC9747BE48D03 /* XCRemoteSwiftPackageReference "ios-maps-sdk" */ = {
			isa = XCRemoteSwiftPackageReference;
			repositoryURL = "https://github.com/googlemaps/ios-maps-sdk";
			requirement = {
				kind = upToNextMajorVersion;
				minimumVersion = 9.0.0;
			};
		};
/* End XCRemoteSwiftPackageReference section */

/* Begin XCSwiftPackageProductDependency section */
		87A1ABE4F4922CE19ABD5018 /* GoogleMaps */ = {
			isa = XCSwiftPackageProductDependency;
			package = 87CC7EE576CDC9747BE48D03 /* XCRemoteSwiftPackageReference "ios-maps-sdk" */;
			productName = GoogleMaps;
		};
/* End XCSwiftPackageProductDependency section */
	};
	rootObject = C6B8C481E6BEE968B6972FAA /* Project object */;
}
